{
  "name": "nexus-raw-example-node",
  "lockfileVersion": 3,
  "requires": true,
  "packages": {
    "": {
      "name": "nexus-raw-example-node",
      "dependencies": {
        "nexus-raw": "file:../../crates/nexus-raw-napi"
      }
    },
    "../../crates/nexus-raw-napi": {
      "name": "nexus-raw",
      "version": "0.1.0",
      "devDependencies": {
        "@napi-rs/cli": "^3.10.5"
      },
      "engines": {
        "node": ">= 18"
      }
    },
    "node_modules/nexus-raw": {
      "resolved": "../../crates/nexus-raw-napi",
      "link": true
    }
  }
}
