lockfileVersion: '9.0'

settings:
  autoInstallPeers: true
  excludeLinksFromLockfile: false

importers:

  .:
    dependencies:
      '@nexus-raw/nxr':
        specifier: 0.0.2
        version: 0.0.2

packages:

  '@nexus-raw/nxr@0.0.2':
    resolution: {integrity: sha512-jMdnf4HfW5zgbA5QdCS7/7uGl1KoFQ7id1D/fdxOex3v9KPEG+gnd11bYqsXk0MJrpmSEKt4oLI+MpYeXyqePA==}

snapshots:

  '@nexus-raw/nxr@0.0.2': {}
